
Microsoft Visual Studio Solution File, Format Version 12.00
# Visual Studio Version 17
VisualStudioVersion = 17.6.33829.357
MinimumVisualStudioVersion = 10.0.40219.1
Project("{FAE04EC0-301F-11D3-BF4B-00C04F79EFBC}") = "schar bai 5", "schar bai 5.csproj", "{875B1F1B-ADEE-4411-93A0-93B2AA5E0715}"
EndProject
Global
	GlobalSection(SolutionConfigurationPlatforms) = preSolution
		Debug|Any CPU = Debug|Any CPU
		Release|Any CPU = Release|Any CPU
	EndGlobalSection
	GlobalSection(ProjectConfigurationPlatforms) = postSolution
		{875B1F1B-ADEE-4411-93A0-93B2AA5E0715}.Debug|Any CPU.ActiveCfg = Debug|Any CPU
		{875B1F1B-ADEE-4411-93A0-93B2AA5E0715}.Debug|Any CPU.Build.0 = Debug|Any CPU
		{875B1F1B-ADEE-4411-93A0-93B2AA5E0715}.Release|Any CPU.ActiveCfg = Release|Any CPU
		{875B1F1B-ADEE-4411-93A0-93B2AA5E0715}.Release|Any CPU.Build.0 = Release|Any CPU
	EndGlobalSection
	GlobalSection(SolutionProperties) = preSolution
		HideSolutionNode = FALSE
	EndGlobalSection
	GlobalSection(ExtensibilityGlobals) = postSolution
		SolutionGuid = {8490CA3E-5E78-474B-A391-B39C8467CBE5}
	EndGlobalSection
EndGlobal
